
Microsoft Visual Studio Solution File, Format Version 12.00
# Visual Studio Version 17
VisualStudioVersion = 17.12.35521.163
MinimumVisualStudioVersion = 10.0.40219.1
Project("{2150E333-8FDC-42A3-9474-1A3956D46DE8}") = "DatabaseKit", "DatabaseKit", "{3E285028-5AD7-4D29-90C4-EFB49A828129}"
EndProject
Project("{FAE04EC0-301F-11D3-BF4B-00C04F79EFBC}") = "AlpKit.Database", "DatabaseKit\AlpKit.Database\AlpKit.Database.csproj", "{75FECE35-D27F-437F-BCBD-FB4A96CEA607}"
EndProject
Project("{2150E333-8FDC-42A3-9474-1A3956D46DE8}") = "HelperKit", "HelperKit", "{1DA06F2E-407D-4B48-8EE3-DE5A3EE36FF5}"
EndProject
Project("{FAE04EC0-301F-11D3-BF4B-00C04F79EFBC}") = "AlpKit.Helpers", "HelperKit\AlpKit.Helpers\AlpKit.Helpers.csproj", "{3E34734A-712A-4D0A-A4B5-DAFB0F1EDC35}"
EndProject
Project("{FAE04EC0-301F-11D3-BF4B-00C04F79EFBC}") = "AlpKit.MsSqlAdapter", "DatabaseKit\AlpKit.MsSqlAdapter\AlpKit.MsSqlAdapter.csproj", "{96AFCD06-39E1-432B-AED5-00F2098986B4}"
EndProject
Project("{FAE04EC0-301F-11D3-BF4B-00C04F79EFBC}") = "AlpKit.MongoAdapter", "DatabaseKit\AlpKit.MongoAdapter\AlpKit.MongoAdapter.csproj", "{DCA199DB-DBED-4EA0-8830-7E6C0281E46F}"
EndProject
Project("{2150E333-8FDC-42A3-9474-1A3956D46DE8}") = "CachingKit", "CachingKit", "{D24DE334-C92F-444D-9BAF-F503B1CF50DF}"
EndProject
Project("{2150E333-8FDC-42A3-9474-1A3956D46DE8}") = "LoggingKit", "LoggingKit", "{58A671CC-C2D0-42AE-BBE5-B40B06F20A2E}"
EndProject
Project("{FAE04EC0-301F-11D3-BF4B-00C04F79EFBC}") = "AlpKit.Caching", "CachingKit\AlpKit.Caching\AlpKit.Caching.csproj", "{DEA2199E-E19B-45F8-8A31-FE05D91CF176}"
EndProject
Project("{FAE04EC0-301F-11D3-BF4B-00C04F79EFBC}") = "AlpKit.Logging", "LoggingKit\AlpKit.Logging\AlpKit.Logging.csproj", "{54F6BB82-7B59-42FD-9FE6-3C4E9FD2F781}"
EndProject
Project("{2150E333-8FDC-42A3-9474-1A3956D46DE8}") = "ExceptionKit", "ExceptionKit", "{31175C10-891F-41DA-9009-4CA99B5CDF4A}"
EndProject
Project("{FAE04EC0-301F-11D3-BF4B-00C04F79EFBC}") = "AlpKit.Exceptions", "ExceptionKit\AlpKit.Exceptions\AlpKit.Exceptions.csproj", "{B02629B4-201E-4F87-9231-C90E04512AFF}"
EndProject
Project("{2150E333-8FDC-42A3-9474-1A3956D46DE8}") = "PresentationKit", "PresentationKit", "{02A895F4-6267-4169-BD3E-E8EAC0DE04EE}"
EndProject
Project("{FAE04EC0-301F-11D3-BF4B-00C04F79EFBC}") = "AlpKit.Presentation.UI", "PresentationKit\AlpKit.Presentation.UI\AlpKit.Presentation.UI.csproj", "{D709C0C8-40E4-4CCD-A5CC-361019B2CD6A}"
EndProject
Project("{FAE04EC0-301F-11D3-BF4B-00C04F79EFBC}") = "AlpKit.Presentation.Api", "PresentationKit\AlpKit.Presentation.Api\AlpKit.Presentation.Api.csproj", "{48FEE40A-F5C2-4D18-9537-A8200189D8E9}"
EndProject
Project("{2150E333-8FDC-42A3-9474-1A3956D46DE8}") = "MultiLanguageKit", "MultiLanguageKit", "{7B2D1607-0729-4A18-AEB6-731CE92E0CEE}"
EndProject
Project("{FAE04EC0-301F-11D3-BF4B-00C04F79EFBC}") = "AlpKit.MultiLanguage", "MultiLanguageKit\AlpKit.MultiLanguage\AlpKit.MultiLanguage.csproj", "{62381F22-0AA3-4103-89C0-0B06556FB17E}"
EndProject
Project("{2150E333-8FDC-42A3-9474-1A3956D46DE8}") = "Common", "Common", "{02EA681E-C7D8-13C7-8484-4AC65E1B71E8}"
EndProject
Project("{FAE04EC0-301F-11D3-BF4B-00C04F79EFBC}") = "AlpKit.Common", "Common\AlpKit.Common\AlpKit.Common.csproj", "{E39F4E00-24B1-4A97-B58F-FAEDF12E3B35}"
EndProject
Project("{2150E333-8FDC-42A3-9474-1A3956D46DE8}") = "_examples", "_examples", "{FC3D2F9A-E19F-4331-946B-A2FD2C9CD910}"
EndProject
Project("{FAE04EC0-301F-11D3-BF4B-00C04F79EFBC}") = "AlpKit.Api.Examples", "_examples\AlpKit.Api.Examples\AlpKit.Api.Examples.csproj", "{19DEDD70-7A04-420D-9CEC-8A5DA0FFF41B}"
EndProject
Project("{FAE04EC0-301F-11D3-BF4B-00C04F79EFBC}") = "AlpKit.Web.Examples", "_examples\AlpKit.Web.Examples\AlpKit.Web.Examples.csproj", "{9E3A1C20-9696-49F8-98E6-062052E9D1C5}"
EndProject
Project("{FAE04EC0-301F-11D3-BF4B-00C04F79EFBC}") = "AlpKit.CqrsCodeGenerator", "AlpKit.CqrsCodeGenerator\AlpKit.CqrsCodeGenerator.csproj", "{933C9CE9-6B7F-4804-8820-46F54E725BA4}"
EndProject
Global
	GlobalSection(SolutionConfigurationPlatforms) = preSolution
		Debug|Any CPU = Debug|Any CPU
		Release|Any CPU = Release|Any CPU
	EndGlobalSection
	GlobalSection(ProjectConfigurationPlatforms) = postSolution
		{75FECE35-D27F-437F-BCBD-FB4A96CEA607}.Debug|Any CPU.ActiveCfg = Debug|Any CPU
		{75FECE35-D27F-437F-BCBD-FB4A96CEA607}.Debug|Any CPU.Build.0 = Debug|Any CPU
		{75FECE35-D27F-437F-BCBD-FB4A96CEA607}.Release|Any CPU.ActiveCfg = Release|Any CPU
		{75FECE35-D27F-437F-BCBD-FB4A96CEA607}.Release|Any CPU.Build.0 = Release|Any CPU
		{3E34734A-712A-4D0A-A4B5-DAFB0F1EDC35}.Debug|Any CPU.ActiveCfg = Debug|Any CPU
		{3E34734A-712A-4D0A-A4B5-DAFB0F1EDC35}.Debug|Any CPU.Build.0 = Debug|Any CPU
		{3E34734A-712A-4D0A-A4B5-DAFB0F1EDC35}.Release|Any CPU.ActiveCfg = Release|Any CPU
		{3E34734A-712A-4D0A-A4B5-DAFB0F1EDC35}.Release|Any CPU.Build.0 = Release|Any CPU
		{96AFCD06-39E1-432B-AED5-00F2098986B4}.Debug|Any CPU.ActiveCfg = Debug|Any CPU
		{96AFCD06-39E1-432B-AED5-00F2098986B4}.Debug|Any CPU.Build.0 = Debug|Any CPU
		{96AFCD06-39E1-432B-AED5-00F2098986B4}.Release|Any CPU.ActiveCfg = Release|Any CPU
		{96AFCD06-39E1-432B-AED5-00F2098986B4}.Release|Any CPU.Build.0 = Release|Any CPU
		{DCA199DB-DBED-4EA0-8830-7E6C0281E46F}.Debug|Any CPU.ActiveCfg = Debug|Any CPU
		{DCA199DB-DBED-4EA0-8830-7E6C0281E46F}.Debug|Any CPU.Build.0 = Debug|Any CPU
		{DCA199DB-DBED-4EA0-8830-7E6C0281E46F}.Release|Any CPU.ActiveCfg = Release|Any CPU
		{DCA199DB-DBED-4EA0-8830-7E6C0281E46F}.Release|Any CPU.Build.0 = Release|Any CPU
		{DEA2199E-E19B-45F8-8A31-FE05D91CF176}.Debug|Any CPU.ActiveCfg = Debug|Any CPU
		{DEA2199E-E19B-45F8-8A31-FE05D91CF176}.Debug|Any CPU.Build.0 = Debug|Any CPU
		{DEA2199E-E19B-45F8-8A31-FE05D91CF176}.Release|Any CPU.ActiveCfg = Release|Any CPU
		{DEA2199E-E19B-45F8-8A31-FE05D91CF176}.Release|Any CPU.Build.0 = Release|Any CPU
		{54F6BB82-7B59-42FD-9FE6-3C4E9FD2F781}.Debug|Any CPU.ActiveCfg = Debug|Any CPU
		{54F6BB82-7B59-42FD-9FE6-3C4E9FD2F781}.Debug|Any CPU.Build.0 = Debug|Any CPU
		{54F6BB82-7B59-42FD-9FE6-3C4E9FD2F781}.Release|Any CPU.ActiveCfg = Release|Any CPU
		{54F6BB82-7B59-42FD-9FE6-3C4E9FD2F781}.Release|Any CPU.Build.0 = Release|Any CPU
		{B02629B4-201E-4F87-9231-C90E04512AFF}.Debug|Any CPU.ActiveCfg = Debug|Any CPU
		{B02629B4-201E-4F87-9231-C90E04512AFF}.Debug|Any CPU.Build.0 = Debug|Any CPU
		{B02629B4-201E-4F87-9231-C90E04512AFF}.Release|Any CPU.ActiveCfg = Release|Any CPU
		{B02629B4-201E-4F87-9231-C90E04512AFF}.Release|Any CPU.Build.0 = Release|Any CPU
		{D709C0C8-40E4-4CCD-A5CC-361019B2CD6A}.Debug|Any CPU.ActiveCfg = Debug|Any CPU
		{D709C0C8-40E4-4CCD-A5CC-361019B2CD6A}.Debug|Any CPU.Build.0 = Debug|Any CPU
		{D709C0C8-40E4-4CCD-A5CC-361019B2CD6A}.Release|Any CPU.ActiveCfg = Release|Any CPU
		{D709C0C8-40E4-4CCD-A5CC-361019B2CD6A}.Release|Any CPU.Build.0 = Release|Any CPU
		{48FEE40A-F5C2-4D18-9537-A8200189D8E9}.Debug|Any CPU.ActiveCfg = Debug|Any CPU
		{48FEE40A-F5C2-4D18-9537-A8200189D8E9}.Debug|Any CPU.Build.0 = Debug|Any CPU
		{48FEE40A-F5C2-4D18-9537-A8200189D8E9}.Release|Any CPU.ActiveCfg = Release|Any CPU
		{48FEE40A-F5C2-4D18-9537-A8200189D8E9}.Release|Any CPU.Build.0 = Release|Any CPU
		{62381F22-0AA3-4103-89C0-0B06556FB17E}.Debug|Any CPU.ActiveCfg = Debug|Any CPU
		{62381F22-0AA3-4103-89C0-0B06556FB17E}.Debug|Any CPU.Build.0 = Debug|Any CPU
		{62381F22-0AA3-4103-89C0-0B06556FB17E}.Release|Any CPU.ActiveCfg = Release|Any CPU
		{62381F22-0AA3-4103-89C0-0B06556FB17E}.Release|Any CPU.Build.0 = Release|Any CPU
		{E39F4E00-24B1-4A97-B58F-FAEDF12E3B35}.Debug|Any CPU.ActiveCfg = Debug|Any CPU
		{E39F4E00-24B1-4A97-B58F-FAEDF12E3B35}.Debug|Any CPU.Build.0 = Debug|Any CPU
		{E39F4E00-24B1-4A97-B58F-FAEDF12E3B35}.Release|Any CPU.ActiveCfg = Release|Any CPU
		{E39F4E00-24B1-4A97-B58F-FAEDF12E3B35}.Release|Any CPU.Build.0 = Release|Any CPU
		{19DEDD70-7A04-420D-9CEC-8A5DA0FFF41B}.Debug|Any CPU.ActiveCfg = Debug|Any CPU
		{19DEDD70-7A04-420D-9CEC-8A5DA0FFF41B}.Debug|Any CPU.Build.0 = Debug|Any CPU
		{19DEDD70-7A04-420D-9CEC-8A5DA0FFF41B}.Release|Any CPU.ActiveCfg = Release|Any CPU
		{19DEDD70-7A04-420D-9CEC-8A5DA0FFF41B}.Release|Any CPU.Build.0 = Release|Any CPU
		{9E3A1C20-9696-49F8-98E6-062052E9D1C5}.Debug|Any CPU.ActiveCfg = Debug|Any CPU
		{9E3A1C20-9696-49F8-98E6-062052E9D1C5}.Debug|Any CPU.Build.0 = Debug|Any CPU
		{9E3A1C20-9696-49F8-98E6-062052E9D1C5}.Release|Any CPU.ActiveCfg = Release|Any CPU
		{9E3A1C20-9696-49F8-98E6-062052E9D1C5}.Release|Any CPU.Build.0 = Release|Any CPU
		{933C9CE9-6B7F-4804-8820-46F54E725BA4}.Debug|Any CPU.ActiveCfg = Debug|Any CPU
		{933C9CE9-6B7F-4804-8820-46F54E725BA4}.Debug|Any CPU.Build.0 = Debug|Any CPU
		{933C9CE9-6B7F-4804-8820-46F54E725BA4}.Release|Any CPU.ActiveCfg = Release|Any CPU
		{933C9CE9-6B7F-4804-8820-46F54E725BA4}.Release|Any CPU.Build.0 = Release|Any CPU
	EndGlobalSection
	GlobalSection(SolutionProperties) = preSolution
		HideSolutionNode = FALSE
	EndGlobalSection
	GlobalSection(NestedProjects) = preSolution
		{75FECE35-D27F-437F-BCBD-FB4A96CEA607} = {3E285028-5AD7-4D29-90C4-EFB49A828129}
		{3E34734A-712A-4D0A-A4B5-DAFB0F1EDC35} = {1DA06F2E-407D-4B48-8EE3-DE5A3EE36FF5}
		{96AFCD06-39E1-432B-AED5-00F2098986B4} = {3E285028-5AD7-4D29-90C4-EFB49A828129}
		{DCA199DB-DBED-4EA0-8830-7E6C0281E46F} = {3E285028-5AD7-4D29-90C4-EFB49A828129}
		{DEA2199E-E19B-45F8-8A31-FE05D91CF176} = {D24DE334-C92F-444D-9BAF-F503B1CF50DF}
		{54F6BB82-7B59-42FD-9FE6-3C4E9FD2F781} = {58A671CC-C2D0-42AE-BBE5-B40B06F20A2E}
		{B02629B4-201E-4F87-9231-C90E04512AFF} = {31175C10-891F-41DA-9009-4CA99B5CDF4A}
		{D709C0C8-40E4-4CCD-A5CC-361019B2CD6A} = {02A895F4-6267-4169-BD3E-E8EAC0DE04EE}
		{48FEE40A-F5C2-4D18-9537-A8200189D8E9} = {02A895F4-6267-4169-BD3E-E8EAC0DE04EE}
		{62381F22-0AA3-4103-89C0-0B06556FB17E} = {7B2D1607-0729-4A18-AEB6-731CE92E0CEE}
		{E39F4E00-24B1-4A97-B58F-FAEDF12E3B35} = {02EA681E-C7D8-13C7-8484-4AC65E1B71E8}
		{19DEDD70-7A04-420D-9CEC-8A5DA0FFF41B} = {FC3D2F9A-E19F-4331-946B-A2FD2C9CD910}
		{9E3A1C20-9696-49F8-98E6-062052E9D1C5} = {FC3D2F9A-E19F-4331-946B-A2FD2C9CD910}
	EndGlobalSection
	GlobalSection(ExtensibilityGlobals) = postSolution
		SolutionGuid = {28FB2B1F-18CF-4332-AD54-030ED8EA7613}
	EndGlobalSection
EndGlobal
